
Microsoft Visual Studio Solution File, Format Version 12.00
# Visual Studio Version 17
VisualStudioVersion = 17.5.33530.505
MinimumVisualStudioVersion = 10.0.40219.1
Project("{FAE04EC0-301F-11D3-BF4B-00C04F79EFBC}") = "EjEnClase", "EjEnClase.csproj", "{F7508D7D-7943-4F9A-A096-D18A4BD6643B}"
EndProject
Global
	GlobalSection(SolutionConfigurationPlatforms) = preSolution
		Debug|Any CPU = Debug|Any CPU
		Release|Any CPU = Release|Any CPU
	EndGlobalSection
	GlobalSection(ProjectConfigurationPlatforms) = postSolution
		{F7508D7D-7943-4F9A-A096-D18A4BD6643B}.Debug|Any CPU.ActiveCfg = Debug|Any CPU
		{F7508D7D-7943-4F9A-A096-D18A4BD6643B}.Debug|Any CPU.Build.0 = Debug|Any CPU
		{F7508D7D-7943-4F9A-A096-D18A4BD6643B}.Release|Any CPU.ActiveCfg = Release|Any CPU
		{F7508D7D-7943-4F9A-A096-D18A4BD6643B}.Release|Any CPU.Build.0 = Release|Any CPU
	EndGlobalSection
	GlobalSection(SolutionProperties) = preSolution
		HideSolutionNode = FALSE
	EndGlobalSection
	GlobalSection(ExtensibilityGlobals) = postSolution
		SolutionGuid = {A07B74A5-234F-44D7-BE48-6B8E28ECCAE5}
	EndGlobalSection
EndGlobal
