
Microsoft Visual Studio Solution File, Format Version 12.00
# Visual Studio Version 17
VisualStudioVersion = 17.6.33723.286
MinimumVisualStudioVersion = 10.0.40219.1
Project("{FAE04EC0-301F-11D3-BF4B-00C04F79EFBC}") = "TpN2", "TpN2.csproj", "{5753C863-2C55-4CB6-A2FA-8853D09D4BB9}"
EndProject
Global
	GlobalSection(SolutionConfigurationPlatforms) = preSolution
		Debug|Any CPU = Debug|Any CPU
		Release|Any CPU = Release|Any CPU
	EndGlobalSection
	GlobalSection(ProjectConfigurationPlatforms) = postSolution
		{5753C863-2C55-4CB6-A2FA-8853D09D4BB9}.Debug|Any CPU.ActiveCfg = Debug|Any CPU
		{5753C863-2C55-4CB6-A2FA-8853D09D4BB9}.Debug|Any CPU.Build.0 = Debug|Any CPU
		{5753C863-2C55-4CB6-A2FA-8853D09D4BB9}.Release|Any CPU.ActiveCfg = Release|Any CPU
		{5753C863-2C55-4CB6-A2FA-8853D09D4BB9}.Release|Any CPU.Build.0 = Release|Any CPU
	EndGlobalSection
	GlobalSection(SolutionProperties) = preSolution
		HideSolutionNode = FALSE
	EndGlobalSection
	GlobalSection(ExtensibilityGlobals) = postSolution
		SolutionGuid = {CBC76231-4A2E-4430-8FDF-362B64618858}
	EndGlobalSection
EndGlobal
