
Microsoft Visual Studio Solution File, Format Version 12.00
# Visual Studio Version 17
VisualStudioVersion = 17.0.31919.166
MinimumVisualStudioVersion = 10.0.40219.1
Project("{FAE04EC0-301F-11D3-BF4B-00C04F79EFBC}") = "SUBUTN", "SUBUTN.csproj", "{5955D112-E2A6-4625-A1E8-E474C257145D}"
EndProject
Global
	GlobalSection(SolutionConfigurationPlatforms) = preSolution
		Debug|Any CPU = Debug|Any CPU
		Release|Any CPU = Release|Any CPU
	EndGlobalSection
	GlobalSection(ProjectConfigurationPlatforms) = postSolution
		{5955D112-E2A6-4625-A1E8-E474C257145D}.Debug|Any CPU.ActiveCfg = Debug|Any CPU
		{5955D112-E2A6-4625-A1E8-E474C257145D}.Debug|Any CPU.Build.0 = Debug|Any CPU
		{5955D112-E2A6-4625-A1E8-E474C257145D}.Release|Any CPU.ActiveCfg = Release|Any CPU
		{5955D112-E2A6-4625-A1E8-E474C257145D}.Release|Any CPU.Build.0 = Release|Any CPU
	EndGlobalSection
	GlobalSection(SolutionProperties) = preSolution
		HideSolutionNode = FALSE
	EndGlobalSection
	GlobalSection(ExtensibilityGlobals) = postSolution
		SolutionGuid = {4F036D4F-32F4-4244-A879-8174C574A43C}
	EndGlobalSection
EndGlobal
