
Microsoft Visual Studio Solution File, Format Version 12.00
# Visual Studio Version 17
VisualStudioVersion = 17.6.33815.320
MinimumVisualStudioVersion = 10.0.40219.1
Project("{FAE04EC0-301F-11D3-BF4B-00C04F79EFBC}") = "TrabajoPracticoTres", "TrabajoPracticoTres.csproj", "{C34AF436-A6CC-40E7-872F-A7D695042181}"
EndProject
Global
	GlobalSection(SolutionConfigurationPlatforms) = preSolution
		Debug|Any CPU = Debug|Any CPU
		Release|Any CPU = Release|Any CPU
	EndGlobalSection
	GlobalSection(ProjectConfigurationPlatforms) = postSolution
		{C34AF436-A6CC-40E7-872F-A7D695042181}.Debug|Any CPU.ActiveCfg = Debug|Any CPU
		{C34AF436-A6CC-40E7-872F-A7D695042181}.Debug|Any CPU.Build.0 = Debug|Any CPU
		{C34AF436-A6CC-40E7-872F-A7D695042181}.Release|Any CPU.ActiveCfg = Release|Any CPU
		{C34AF436-A6CC-40E7-872F-A7D695042181}.Release|Any CPU.Build.0 = Release|Any CPU
	EndGlobalSection
	GlobalSection(SolutionProperties) = preSolution
		HideSolutionNode = FALSE
	EndGlobalSection
	GlobalSection(ExtensibilityGlobals) = postSolution
		SolutionGuid = {771899CB-761F-4DC8-877C-C2193ADFA71B}
	EndGlobalSection
EndGlobal
