
Microsoft Visual Studio Solution File, Format Version 12.00
# Visual Studio Version 17
VisualStudioVersion = 17.6.33829.357
MinimumVisualStudioVersion = 10.0.40219.1
Project("{FAE04EC0-301F-11D3-BF4B-00C04F79EFBC}") = "SistemaBoleteria", "SistemaBoleteria.csproj", "{9E33F294-C6E6-40F0-ACF5-2CDC4661E77E}"
EndProject
Global
	GlobalSection(SolutionConfigurationPlatforms) = preSolution
		Debug|Any CPU = Debug|Any CPU
		Release|Any CPU = Release|Any CPU
	EndGlobalSection
	GlobalSection(ProjectConfigurationPlatforms) = postSolution
		{9E33F294-C6E6-40F0-ACF5-2CDC4661E77E}.Debug|Any CPU.ActiveCfg = Debug|Any CPU
		{9E33F294-C6E6-40F0-ACF5-2CDC4661E77E}.Debug|Any CPU.Build.0 = Debug|Any CPU
		{9E33F294-C6E6-40F0-ACF5-2CDC4661E77E}.Release|Any CPU.ActiveCfg = Release|Any CPU
		{9E33F294-C6E6-40F0-ACF5-2CDC4661E77E}.Release|Any CPU.Build.0 = Release|Any CPU
	EndGlobalSection
	GlobalSection(SolutionProperties) = preSolution
		HideSolutionNode = FALSE
	EndGlobalSection
	GlobalSection(ExtensibilityGlobals) = postSolution
		SolutionGuid = {86F13310-EF41-42D2-A55B-E0D5BD8111CC}
	EndGlobalSection
EndGlobal
